
Microsoft Visual Studio Solution File, Format Version 12.00
# Visual Studio Version 17
VisualStudioVersion = 17.9.34728.123
MinimumVisualStudioVersion = 10.0.40219.1
Project("{FAE04EC0-301F-11D3-BF4B-00C04F79EFBC}") = "Hotel_Reservation_PL", "Hotel_Reservation_PL\Hotel_Reservation_PL.csproj", "{C20178AC-D313-41C1-BC6A-E69776CFACAB}"
EndProject
Project("{FAE04EC0-301F-11D3-BF4B-00C04F79EFBC}") = "Hotel_Reservation_DAL", "Hotel_Reservation_DAL\Hotel_Reservation_DAL.csproj", "{B1525BCA-A27B-464C-A90B-E32BF9AFB2DC}"
EndProject
Project("{FAE04EC0-301F-11D3-BF4B-00C04F79EFBC}") = "Hotel_Reservation_BLL", "Hotel_Reservation_BLL\Hotel_Reservation_BLL.csproj", "{0E64E23C-A8DF-45D4-95EB-BEC41052AEBC}"
EndProject
Global
	GlobalSection(SolutionConfigurationPlatforms) = preSolution
		Debug|Any CPU = Debug|Any CPU
		Release|Any CPU = Release|Any CPU
	EndGlobalSection
	GlobalSection(ProjectConfigurationPlatforms) = postSolution
		{C20178AC-D313-41C1-BC6A-E69776CFACAB}.Debug|Any CPU.ActiveCfg = Debug|Any CPU
		{C20178AC-D313-41C1-BC6A-E69776CFACAB}.Debug|Any CPU.Build.0 = Debug|Any CPU
		{C20178AC-D313-41C1-BC6A-E69776CFACAB}.Release|Any CPU.ActiveCfg = Release|Any CPU
		{C20178AC-D313-41C1-BC6A-E69776CFACAB}.Release|Any CPU.Build.0 = Release|Any CPU
		{B1525BCA-A27B-464C-A90B-E32BF9AFB2DC}.Debug|Any CPU.ActiveCfg = Debug|Any CPU
		{B1525BCA-A27B-464C-A90B-E32BF9AFB2DC}.Debug|Any CPU.Build.0 = Debug|Any CPU
		{B1525BCA-A27B-464C-A90B-E32BF9AFB2DC}.Release|Any CPU.ActiveCfg = Release|Any CPU
		{B1525BCA-A27B-464C-A90B-E32BF9AFB2DC}.Release|Any CPU.Build.0 = Release|Any CPU
		{0E64E23C-A8DF-45D4-95EB-BEC41052AEBC}.Debug|Any CPU.ActiveCfg = Debug|Any CPU
		{0E64E23C-A8DF-45D4-95EB-BEC41052AEBC}.Debug|Any CPU.Build.0 = Debug|Any CPU
		{0E64E23C-A8DF-45D4-95EB-BEC41052AEBC}.Release|Any CPU.ActiveCfg = Release|Any CPU
		{0E64E23C-A8DF-45D4-95EB-BEC41052AEBC}.Release|Any CPU.Build.0 = Release|Any CPU
	EndGlobalSection
	GlobalSection(SolutionProperties) = preSolution
		HideSolutionNode = FALSE
	EndGlobalSection
	GlobalSection(ExtensibilityGlobals) = postSolution
		SolutionGuid = {F600BC24-DBDA-4077-AA55-E5804D175262}
	EndGlobalSection
EndGlobal
